{
  "object": {
    "pins": [
      {
        "package": "CodeScanner",
        "repositoryURL": "https://github.com/twostraws/CodeScanner",
        "state": {
          "branch": null,
          "revision": "d954f02dc06efe7adf24b8f62e39819235f9898c",
          "version": "2.0.0"
        }
      }
    ]
  },
  "version": 1
}
