// !$*UTF8*$!
{
	archiveVersion = 1;
	classes = {
	};
	objectVersion = 55;
	objects = {

/* Begin PBXBuildFile section */
		A51527032754159800BFBA6F /* ClassMemberDto.swift in Sources */ = {isa = PBXBuildFile; fileRef = A51527022754159800BFBA6F /* ClassMemberDto.swift */; };
		A51F399527531BA0009D8BF2 /* SwiftWithFriendsApp.swift in Sources */ = {isa = PBXBuildFile; fileRef = A51F399427531BA0009D8BF2 /* SwiftWithFriendsApp.swift */; };
		A51F399727531BA0009D8BF2 /* ContentView.swift in Sources */ = {isa = PBXBuildFile; fileRef = A51F399627531BA0009D8BF2 /* ContentView.swift */; };
		A51F399927531BA4009D8BF2 /* Assets.xcassets in Resources */ = {isa = PBXBuildFile; fileRef = A51F399827531BA4009D8BF2 /* Assets.xcassets */; };
		A51F399C27531BA4009D8BF2 /* Preview Assets.xcassets in Resources */ = {isa = PBXBuildFile; fileRef = A51F399B27531BA4009D8BF2 /* Preview Assets.xcassets */; };
		A51F399E27531BA4009D8BF2 /* Persistence.swift in Sources */ = {isa = PBXBuildFile; fileRef = A51F399D27531BA4009D8BF2 /* Persistence.swift */; };
		A51F39A127531BA4009D8BF2 /* SwiftWithFriends.xcdatamodeld in Sources */ = {isa = PBXBuildFile; fileRef = A51F399F27531BA4009D8BF2 /* SwiftWithFriends.xcdatamodeld */; };
		A51F39AA27531D73009D8BF2 /* Networking.swift in Sources */ = {isa = PBXBuildFile; fileRef = A51F39A927531D73009D8BF2 /* Networking.swift */; };
		A51F39AC275329A1009D8BF2 /* ClassMemberDetailView.swift in Sources */ = {isa = PBXBuildFile; fileRef = A51F39AB275329A1009D8BF2 /* ClassMemberDetailView.swift */; };
		A51F39AE2753324C009D8BF2 /* ClassMemberLinkView.swift in Sources */ = {isa = PBXBuildFile; fileRef = A51F39AD2753324C009D8BF2 /* ClassMemberLinkView.swift */; };
		A51F39C3275403DA009D8BF2 /* ClassMember+CoreDataClass.swift in Sources */ = {isa = PBXBuildFile; fileRef = A51F39BF275403DA009D8BF2 /* ClassMember+CoreDataClass.swift */; };
		A51F39C4275403DA009D8BF2 /* ClassMember+CoreDataProperties.swift in Sources */ = {isa = PBXBuildFile; fileRef = A51F39C0275403DA009D8BF2 /* ClassMember+CoreDataProperties.swift */; };
		A51F39C5275403DA009D8BF2 /* Friend+CoreDataClass.swift in Sources */ = {isa = PBXBuildFile; fileRef = A51F39C1275403DA009D8BF2 /* Friend+CoreDataClass.swift */; };
		A51F39C6275403DA009D8BF2 /* Friend+CoreDataProperties.swift in Sources */ = {isa = PBXBuildFile; fileRef = A51F39C2275403DA009D8BF2 /* Friend+CoreDataProperties.swift */; };
/* End PBXBuildFile section */

/* Begin PBXFileReference section */
		A51527022754159800BFBA6F /* ClassMemberDto.swift */ = {isa = PBXFileReference; lastKnownFileType = sourcecode.swift; path = ClassMemberDto.swift; sourceTree = "<group>"; };
		A51F399127531BA0009D8BF2 /* SwiftWithFriends.app */ = {isa = PBXFileReference; explicitFileType = wrapper.application; includeInIndex = 0; path = SwiftWithFriends.app; sourceTree = BUILT_PRODUCTS_DIR; };
		A51F399427531BA0009D8BF2 /* SwiftWithFriendsApp.swift */ = {isa = PBXFileReference; lastKnownFileType = sourcecode.swift; path = SwiftWithFriendsApp.swift; sourceTree = "<group>"; };
		A51F399627531BA0009D8BF2 /* ContentView.swift */ = {isa = PBXFileReference; lastKnownFileType = sourcecode.swift; path = ContentView.swift; sourceTree = "<group>"; };
		A51F399827531BA4009D8BF2 /* Assets.xcassets */ = {isa = PBXFileReference; lastKnownFileType = folder.assetcatalog; path = Assets.xcassets; sourceTree = "<group>"; };
		A51F399B27531BA4009D8BF2 /* Preview Assets.xcassets */ = {isa = PBXFileReference; lastKnownFileType = folder.assetcatalog; path = "Preview Assets.xcassets"; sourceTree = "<group>"; };
		A51F399D27531BA4009D8BF2 /* Persistence.swift */ = {isa = PBXFileReference; lastKnownFileType = sourcecode.swift; path = Persistence.swift; sourceTree = "<group>"; };
		A51F39A027531BA4009D8BF2 /* SwiftWithFriends.xcdatamodel */ = {isa = PBXFileReference; lastKnownFileType = wrapper.xcdatamodel; path = SwiftWithFriends.xcdatamodel; sourceTree = "<group>"; };
		A51F39A927531D73009D8BF2 /* Networking.swift */ = {isa = PBXFileReference; lastKnownFileType = sourcecode.swift; path = Networking.swift; sourceTree = "<group>"; };
		A51F39AB275329A1009D8BF2 /* ClassMemberDetailView.swift */ = {isa = PBXFileReference; lastKnownFileType = sourcecode.swift; path = ClassMemberDetailView.swift; sourceTree = "<group>"; };
		A51F39AD2753324C009D8BF2 /* ClassMemberLinkView.swift */ = {isa = PBXFileReference; lastKnownFileType = sourcecode.swift; path = ClassMemberLinkView.swift; sourceTree = "<group>"; };
		A51F39BF275403DA009D8BF2 /* ClassMember+CoreDataClass.swift */ = {isa = PBXFileReference; lastKnownFileType = sourcecode.swift; path = "ClassMember+CoreDataClass.swift"; sourceTree = "<group>"; };
		A51F39C0275403DA009D8BF2 /* ClassMember+CoreDataProperties.swift */ = {isa = PBXFileReference; lastKnownFileType = sourcecode.swift; path = "ClassMember+CoreDataProperties.swift"; sourceTree = "<group>"; };
		A51F39C1275403DA009D8BF2 /* Friend+CoreDataClass.swift */ = {isa = PBXFileReference; lastKnownFileType = sourcecode.swift; path = "Friend+CoreDataClass.swift"; sourceTree = "<group>"; };
		A51F39C2275403DA009D8BF2 /* Friend+CoreDataProperties.swift */ = {isa = PBXFileReference; lastKnownFileType = sourcecode.swift; path = "Friend+CoreDataProperties.swift"; sourceTree = "<group>"; };
/* End PBXFileReference section */

/* Begin PBXFrameworksBuildPhase section */
		A51F398E27531BA0009D8BF2 /* Frameworks */ = {
			isa = PBXFrameworksBuildPhase;
			buildActionMask = 2147483647;
			files = (
			);
			runOnlyForDeploymentPostprocessing = 0;
		};
/* End PBXFrameworksBuildPhase section */

/* Begin PBXGroup section */
		A515270127540D2800BFBA6F /* CoreDataModels */ = {
			isa = PBXGroup;
			children = (
				A51F39BF275403DA009D8BF2 /* ClassMember+CoreDataClass.swift */,
				A51F39C0275403DA009D8BF2 /* ClassMember+CoreDataProperties.swift */,
				A51F39C1275403DA009D8BF2 /* Friend+CoreDataClass.swift */,
				A51F39C2275403DA009D8BF2 /* Friend+CoreDataProperties.swift */,
			);
			path = CoreDataModels;
			sourceTree = "<group>";
		};
		A51F398827531BA0009D8BF2 = {
			isa = PBXGroup;
			children = (
				A51F399327531BA0009D8BF2 /* SwiftWithFriends */,
				A51F399227531BA0009D8BF2 /* Products */,
			);
			sourceTree = "<group>";
		};
		A51F399227531BA0009D8BF2 /* Products */ = {
			isa = PBXGroup;
			children = (
				A51F399127531BA0009D8BF2 /* SwiftWithFriends.app */,
			);
			name = Products;
			sourceTree = "<group>";
		};
		A51F399327531BA0009D8BF2 /* SwiftWithFriends */ = {
			isa = PBXGroup;
			children = (
				A51F399827531BA4009D8BF2 /* Assets.xcassets */,
				A51F399427531BA0009D8BF2 /* SwiftWithFriendsApp.swift */,
				A51F399627531BA0009D8BF2 /* ContentView.swift */,
				A51F39AD2753324C009D8BF2 /* ClassMemberLinkView.swift */,
				A51F39AB275329A1009D8BF2 /* ClassMemberDetailView.swift */,
				A51F39A927531D73009D8BF2 /* Networking.swift */,
				A51527022754159800BFBA6F /* ClassMemberDto.swift */,
				A51F399D27531BA4009D8BF2 /* Persistence.swift */,
				A51F399F27531BA4009D8BF2 /* SwiftWithFriends.xcdatamodeld */,
				A515270127540D2800BFBA6F /* CoreDataModels */,
				A51F399A27531BA4009D8BF2 /* Preview Content */,
			);
			path = SwiftWithFriends;
			sourceTree = "<group>";
		};
		A51F399A27531BA4009D8BF2 /* Preview Content */ = {
			isa = PBXGroup;
			children = (
				A51F399B27531BA4009D8BF2 /* Preview Assets.xcassets */,
			);
			path = "Preview Content";
			sourceTree = "<group>";
		};
/* End PBXGroup section */

/* Begin PBXNativeTarget section */
		A51F399027531BA0009D8BF2 /* SwiftWithFriends */ = {
			isa = PBXNativeTarget;
			buildConfigurationList = A51F39A427531BA4009D8BF2 /* Build configuration list for PBXNativeTarget "SwiftWithFriends" */;
			buildPhases = (
				A51F398D27531BA0009D8BF2 /* Sources */,
				A51F398E27531BA0009D8BF2 /* Frameworks */,
				A51F398F27531BA0009D8BF2 /* Resources */,
			);
			buildRules = (
			);
			dependencies = (
			);
			name = SwiftWithFriends;
			productName = SwiftWithFriends;
			productReference = A51F399127531BA0009D8BF2 /* SwiftWithFriends.app */;
			productType = "com.apple.product-type.application";
		};
/* End PBXNativeTarget section */

/* Begin PBXProject section */
		A51F398927531BA0009D8BF2 /* Project object */ = {
			isa = PBXProject;
			attributes = {
				BuildIndependentTargetsInParallel = 1;
				LastSwiftUpdateCheck = 1300;
				LastUpgradeCheck = 1300;
				TargetAttributes = {
					A51F399027531BA0009D8BF2 = {
						CreatedOnToolsVersion = 13.0;
					};
				};
			};
			buildConfigurationList = A51F398C27531BA0009D8BF2 /* Build configuration list for PBXProject "SwiftWithFriends" */;
			compatibilityVersion = "Xcode 13.0";
			developmentRegion = en;
			hasScannedForEncodings = 0;
			knownRegions = (
				en,
				Base,
			);
			mainGroup = A51F398827531BA0009D8BF2;
			productRefGroup = A51F399227531BA0009D8BF2 /* Products */;
			projectDirPath = "";
			projectRoot = "";
			targets = (
				A51F399027531BA0009D8BF2 /* SwiftWithFriends */,
			);
		};
/* End PBXProject section */

/* Begin PBXResourcesBuildPhase section */
		A51F398F27531BA0009D8BF2 /* Resources */ = {
			isa = PBXResourcesBuildPhase;
			buildActionMask = 2147483647;
			files = (
				A51F399C27531BA4009D8BF2 /* Preview Assets.xcassets in Resources */,
				A51F399927531BA4009D8BF2 /* Assets.xcassets in Resources */,
			);
			runOnlyForDeploymentPostprocessing = 0;
		};
/* End PBXResourcesBuildPhase section */

/* Begin PBXSourcesBuildPhase section */
		A51F398D27531BA0009D8BF2 /* Sources */ = {
			isa = PBXSourcesBuildPhase;
			buildActionMask = 2147483647;
			files = (
				A51F39AC275329A1009D8BF2 /* ClassMemberDetailView.swift in Sources */,
				A51F39C5275403DA009D8BF2 /* Friend+CoreDataClass.swift in Sources */,
				A51F39C6275403DA009D8BF2 /* Friend+CoreDataProperties.swift in Sources */,
				A51F399E27531BA4009D8BF2 /* Persistence.swift in Sources */,
				A51527032754159800BFBA6F /* ClassMemberDto.swift in Sources */,
				A51F39AE2753324C009D8BF2 /* ClassMemberLinkView.swift in Sources */,
				A51F39A127531BA4009D8BF2 /* SwiftWithFriends.xcdatamodeld in Sources */,
				A51F39C3275403DA009D8BF2 /* ClassMember+CoreDataClass.swift in Sources */,
				A51F39C4275403DA009D8BF2 /* ClassMember+CoreDataProperties.swift in Sources */,
				A51F39AA27531D73009D8BF2 /* Networking.swift in Sources */,
				A51F399727531BA0009D8BF2 /* ContentView.swift in Sources */,
				A51F399527531BA0009D8BF2 /* SwiftWithFriendsApp.swift in Sources */,
			);
			runOnlyForDeploymentPostprocessing = 0;
		};
/* End PBXSourcesBuildPhase section */

/* Begin XCBuildConfiguration section */
		A51F39A227531BA4009D8BF2 /* Debug */ = {
			isa = XCBuildConfiguration;
			buildSettings = {
				ALWAYS_SEARCH_USER_PATHS = NO;
				CLANG_ANALYZER_NONNULL = YES;
				CLANG_ANALYZER_NUMBER_OBJECT_CONVERSION = YES_AGGRESSIVE;
				CLANG_CXX_LANGUAGE_STANDARD = "gnu++17";
				CLANG_CXX_LIBRARY = "libc++";
				CLANG_ENABLE_MODULES = YES;
				CLANG_ENABLE_OBJC_ARC = YES;
				CLANG_ENABLE_OBJC_WEAK = YES;
				CLANG_WARN_BLOCK_CAPTURE_AUTORELEASING = YES;
				CLANG_WARN_BOOL_CONVERSION = YES;
				CLANG_WARN_COMMA = YES;
				CLANG_WARN_CONSTANT_CONVERSION = YES;
				CLANG_WARN_DEPRECATED_OBJC_IMPLEMENTATIONS = YES;
				CLANG_WARN_DIRECT_OBJC_ISA_USAGE = YES_ERROR;
				CLANG_WARN_DOCUMENTATION_COMMENTS = YES;
				CLANG_WARN_EMPTY_BODY = YES;
				CLANG_WARN_ENUM_CONVERSION = YES;
				CLANG_WARN_INFINITE_RECURSION = YES;
				CLANG_WARN_INT_CONVERSION = YES;
				CLANG_WARN_NON_LITERAL_NULL_CONVERSION = YES;
				CLANG_WARN_OBJC_IMPLICIT_RETAIN_SELF = YES;
				CLANG_WARN_OBJC_LITERAL_CONVERSION = YES;
				CLANG_WARN_OBJC_ROOT_CLASS = YES_ERROR;
				CLANG_WARN_QUOTED_INCLUDE_IN_FRAMEWORK_HEADER = YES;
				CLANG_WARN_RANGE_LOOP_ANALYSIS = YES;
				CLANG_WARN_STRICT_PROTOTYPES = YES;
				CLANG_WARN_SUSPICIOUS_MOVE = YES;
				CLANG_WARN_UNGUARDED_AVAILABILITY = YES_AGGRESSIVE;
				CLANG_WARN_UNREACHABLE_CODE = YES;
				CLANG_WARN__DUPLICATE_METHOD_MATCH = YES;
				COPY_PHASE_STRIP = NO;
				DEBUG_INFORMATION_FORMAT = dwarf;
				ENABLE_STRICT_OBJC_MSGSEND = YES;
				ENABLE_TESTABILITY = YES;
				GCC_C_LANGUAGE_STANDARD = gnu11;
				GCC_DYNAMIC_NO_PIC = NO;
				GCC_NO_COMMON_BLOCKS = YES;
				GCC_OPTIMIZATION_LEVEL = 0;
				GCC_PREPROCESSOR_DEFINITIONS = (
					"DEBUG=1",
					"$(inherited)",
				);
				GCC_WARN_64_TO_32_BIT_CONVERSION = YES;
				GCC_WARN_ABOUT_RETURN_TYPE = YES_ERROR;
				GCC_WARN_UNDECLARED_SELECTOR = YES;
				GCC_WARN_UNINITIALIZED_AUTOS = YES_AGGRESSIVE;
				GCC_WARN_UNUSED_FUNCTION = YES;
				GCC_WARN_UNUSED_VARIABLE = YES;
				IPHONEOS_DEPLOYMENT_TARGET = 15.0;
				MTL_ENABLE_DEBUG_INFO = INCLUDE_SOURCE;
				MTL_FAST_MATH = YES;
				ONLY_ACTIVE_ARCH = YES;
				SDKROOT = iphoneos;
				SWIFT_ACTIVE_COMPILATION_CONDITIONS = DEBUG;
				SWIFT_OPTIMIZATION_LEVEL = "-Onone";
			};
			name = Debug;
		};
		A51F39A327531BA4009D8BF2 /* Release */ = {
			isa = XCBuildConfiguration;
			buildSettings = {
				ALWAYS_SEARCH_USER_PATHS = NO;
				CLANG_ANALYZER_NONNULL = YES;
				CLANG_ANALYZER_NUMBER_OBJECT_CONVERSION = YES_AGGRESSIVE;
				CLANG_CXX_LANGUAGE_STANDARD = "gnu++17";
				CLANG_CXX_LIBRARY = "libc++";
				CLANG_ENABLE_MODULES = YES;
				CLANG_ENABLE_OBJC_ARC = YES;
				CLANG_ENABLE_OBJC_WEAK = YES;
				CLANG_WARN_BLOCK_CAPTURE_AUTORELEASING = YES;
				CLANG_WARN_BOOL_CONVERSION = YES;
				CLANG_WARN_COMMA = YES;
				CLANG_WARN_CONSTANT_CONVERSION = YES;
				CLANG_WARN_DEPRECATED_OBJC_IMPLEMENTATIONS = YES;
				CLANG_WARN_DIRECT_OBJC_ISA_USAGE = YES_ERROR;
				CLANG_WARN_DOCUMENTATION_COMMENTS = YES;
				CLANG_WARN_EMPTY_BODY = YES;
				CLANG_WARN_ENUM_CONVERSION = YES;
				CLANG_WARN_INFINITE_RECURSION = YES;
				CLANG_WARN_INT_CONVERSION = YES;
				CLANG_WARN_NON_LITERAL_NULL_CONVERSION = YES;
				CLANG_WARN_OBJC_IMPLICIT_RETAIN_SELF = YES;
				CLANG_WARN_OBJC_LITERAL_CONVERSION = YES;
				CLANG_WARN_OBJC_ROOT_CLASS = YES_ERROR;
				CLANG_WARN_QUOTED_INCLUDE_IN_FRAMEWORK_HEADER = YES;
				CLANG_WARN_RANGE_LOOP_ANALYSIS = YES;
				CLANG_WARN_STRICT_PROTOTYPES = YES;
				CLANG_WARN_SUSPICIOUS_MOVE = YES;
				CLANG_WARN_UNGUARDED_AVAILABILITY = YES_AGGRESSIVE;
				CLANG_WARN_UNREACHABLE_CODE = YES;
				CLANG_WARN__DUPLICATE_METHOD_MATCH = YES;
				COPY_PHASE_STRIP = NO;
				DEBUG_INFORMATION_FORMAT = "dwarf-with-dsym";
				ENABLE_NS_ASSERTIONS = NO;
				ENABLE_STRICT_OBJC_MSGSEND = YES;
				GCC_C_LANGUAGE_STANDARD = gnu11;
				GCC_NO_COMMON_BLOCKS = YES;
				GCC_WARN_64_TO_32_BIT_CONVERSION = YES;
				GCC_WARN_ABOUT_RETURN_TYPE = YES_ERROR;
				GCC_WARN_UNDECLARED_SELECTOR = YES;
				GCC_WARN_UNINITIALIZED_AUTOS = YES_AGGRESSIVE;
				GCC_WARN_UNUSED_FUNCTION = YES;
				GCC_WARN_UNUSED_VARIABLE = YES;
				IPHONEOS_DEPLOYMENT_TARGET = 15.0;
				MTL_ENABLE_DEBUG_INFO = NO;
				MTL_FAST_MATH = YES;
				SDKROOT = iphoneos;
				SWIFT_COMPILATION_MODE = wholemodule;
				SWIFT_OPTIMIZATION_LEVEL = "-O";
				VALIDATE_PRODUCT = YES;
			};
			name = Release;
		};
		A51F39A527531BA4009D8BF2 /* Debug */ = {
			isa = XCBuildConfiguration;
			buildSettings = {
				ASSETCATALOG_COMPILER_APPICON_NAME = AppIcon;
				ASSETCATALOG_COMPILER_GLOBAL_ACCENT_COLOR_NAME = AccentColor;
				CODE_SIGN_STYLE = Automatic;
				CURRENT_PROJECT_VERSION = 1;
				DEVELOPMENT_ASSET_PATHS = "\"SwiftWithFriends/Preview Content\"";
				DEVELOPMENT_TEAM = UG72X5W583;
				ENABLE_PREVIEWS = YES;
				GENERATE_INFOPLIST_FILE = YES;
				INFOPLIST_KEY_UIApplicationSceneManifest_Generation = YES;
				INFOPLIST_KEY_UIApplicationSupportsIndirectInputEvents = YES;
				INFOPLIST_KEY_UILaunchScreen_Generation = YES;
				INFOPLIST_KEY_UISupportedInterfaceOrientations_iPad = "UIInterfaceOrientationPortrait UIInterfaceOrientationPortraitUpsideDown UIInterfaceOrientationLandscapeLeft UIInterfaceOrientationLandscapeRight";
				INFOPLIST_KEY_UISupportedInterfaceOrientations_iPhone = "UIInterfaceOrientationPortrait UIInterfaceOrientationLandscapeLeft UIInterfaceOrientationLandscapeRight";
				IPHONEOS_DEPLOYMENT_TARGET = 15.0;
				LD_RUNPATH_SEARCH_PATHS = (
					"$(inherited)",
					"@executable_path/Frameworks",
				);
				MARKETING_VERSION = 1.0;
				PRODUCT_BUNDLE_IDENTIFIER = systems.nerv.SwiftWithFriends;
				PRODUCT_NAME = "$(TARGET_NAME)";
				SWIFT_EMIT_LOC_STRINGS = YES;
				SWIFT_VERSION = 5.0;
				TARGETED_DEVICE_FAMILY = "1,2";
			};
			name = Debug;
		};
		A51F39A627531BA4009D8BF2 /* Release */ = {
			isa = XCBuildConfiguration;
			buildSettings = {
				ASSETCATALOG_COMPILER_APPICON_NAME = AppIcon;
				ASSETCATALOG_COMPILER_GLOBAL_ACCENT_COLOR_NAME = AccentColor;
				CODE_SIGN_STYLE = Automatic;
				CURRENT_PROJECT_VERSION = 1;
				DEVELOPMENT_ASSET_PATHS = "\"SwiftWithFriends/Preview Content\"";
				DEVELOPMENT_TEAM = UG72X5W583;
				ENABLE_PREVIEWS = YES;
				GENERATE_INFOPLIST_FILE = YES;
				INFOPLIST_KEY_UIApplicationSceneManifest_Generation = YES;
				INFOPLIST_KEY_UIApplicationSupportsIndirectInputEvents = YES;
				INFOPLIST_KEY_UILaunchScreen_Generation = YES;
				INFOPLIST_KEY_UISupportedInterfaceOrientations_iPad = "UIInterfaceOrientationPortrait UIInterfaceOrientationPortraitUpsideDown UIInterfaceOrientationLandscapeLeft UIInterfaceOrientationLandscapeRight";
				INFOPLIST_KEY_UISupportedInterfaceOrientations_iPhone = "UIInterfaceOrientationPortrait UIInterfaceOrientationLandscapeLeft UIInterfaceOrientationLandscapeRight";
				IPHONEOS_DEPLOYMENT_TARGET = 15.0;
				LD_RUNPATH_SEARCH_PATHS = (
					"$(inherited)",
					"@executable_path/Frameworks",
				);
				MARKETING_VERSION = 1.0;
				PRODUCT_BUNDLE_IDENTIFIER = systems.nerv.SwiftWithFriends;
				PRODUCT_NAME = "$(TARGET_NAME)";
				SWIFT_EMIT_LOC_STRINGS = YES;
				SWIFT_VERSION = 5.0;
				TARGETED_DEVICE_FAMILY = "1,2";
			};
			name = Release;
		};
/* End XCBuildConfiguration section */

/* Begin XCConfigurationList section */
		A51F398C27531BA0009D8BF2 /* Build configuration list for PBXProject "SwiftWithFriends" */ = {
			isa = XCConfigurationList;
			buildConfigurations = (
				A51F39A227531BA4009D8BF2 /* Debug */,
				A51F39A327531BA4009D8BF2 /* Release */,
			);
			defaultConfigurationIsVisible = 0;
			defaultConfigurationName = Release;
		};
		A51F39A427531BA4009D8BF2 /* Build configuration list for PBXNativeTarget "SwiftWithFriends" */ = {
			isa = XCConfigurationList;
			buildConfigurations = (
				A51F39A527531BA4009D8BF2 /* Debug */,
				A51F39A627531BA4009D8BF2 /* Release */,
			);
			defaultConfigurationIsVisible = 0;
			defaultConfigurationName = Release;
		};
/* End XCConfigurationList section */

/* Begin XCVersionGroup section */
		A51F399F27531BA4009D8BF2 /* SwiftWithFriends.xcdatamodeld */ = {
			isa = XCVersionGroup;
			children = (
				A51F39A027531BA4009D8BF2 /* SwiftWithFriends.xcdatamodel */,
			);
			currentVersion = A51F39A027531BA4009D8BF2 /* SwiftWithFriends.xcdatamodel */;
			path = SwiftWithFriends.xcdatamodeld;
			sourceTree = "<group>";
			versionGroupType = wrapper.xcdatamodel;
		};
/* End XCVersionGroup section */
	};
	rootObject = A51F398927531BA0009D8BF2 /* Project object */;
}
